
Microsoft Visual Studio Solution File, Format Version 12.00
# Visual Studio Version 17
VisualStudioVersion = 17.11.35327.3
MinimumVisualStudioVersion = 10.0.40219.1
Project("{9A19103F-16F7-4668-BE54-9A1E7A4F7556}") = "SUNWODA_SEVB", "SUNWODA_SEVB\SUNWODA_SEVB.csproj", "{B7C7F390-B973-425D-8214-14E801A96C97}"
EndProject
Project("{9A19103F-16F7-4668-BE54-9A1E7A4F7556}") = "SUNWODA_SEVB.Logging", "SUNWODA_SEVB.Logging\SUNWODA_SEVB.Logging.csproj", "{638EA663-29AD-4C5E-92EF-AC727D13B3EB}"
EndProject
Project("{9A19103F-16F7-4668-BE54-9A1E7A4F7556}") = "SUNWODA_SEVB.PLC", "SUNWODA_SEVB.PLC\SUNWODA_SEVB.PLC.csproj", "{98A7FB04-0F7E-4EDD-B248-B9548AFE666E}"
EndProject
Project("{9A19103F-16F7-4668-BE54-9A1E7A4F7556}") = "SUNWODA_SEVB.Component", "SUNWODA_SEVB.Component\SUNWODA_SEVB.Component.csproj", "{7103E4C0-5856-4135-B5E4-6A17F36D3808}"
EndProject
Project("{FAE04EC0-301F-11D3-BF4B-00C04F79EFBC}") = "SUNWODA_SEVB.Tool", "SUNWODA_SEVB.Tool\SUNWODA_SEVB.Tool.csproj", "{27C21FD8-12E0-4EC3-BC25-261B24A47B19}"
EndProject
Project("{9A19103F-16F7-4668-BE54-9A1E7A4F7556}") = "SUNWODA_SEVB.Core", "SUNWODA_SEVB.Core\SUNWODA_SEVB.Core.csproj", "{4783D4D4-5A68-4DC5-A64C-C9CF536C3C5B}"
EndProject
Project("{9A19103F-16F7-4668-BE54-9A1E7A4F7556}") = "SUNWODA_SEVB.Data", "SUNWODA_SEVB.Data\SUNWODA_SEVB.Data.csproj", "{C8225A95-EED1-45C3-9FD2-6B579BD78F8A}"
EndProject
Project("{FAE04EC0-301F-11D3-BF4B-00C04F79EFBC}") = "SUNWODA_SEVB.Services", "SUNWODA_SEVB.Services\SUNWODA_SEVB.Services.csproj", "{EA2E4013-CEDF-4B29-B876-FC4A76C86F07}"
EndProject
Global
	GlobalSection(SolutionConfigurationPlatforms) = preSolution
		Debug|Any CPU = Debug|Any CPU
		Release|Any CPU = Release|Any CPU
	EndGlobalSection
	GlobalSection(ProjectConfigurationPlatforms) = postSolution
		{B7C7F390-B973-425D-8214-14E801A96C97}.Debug|Any CPU.ActiveCfg = Debug|Any CPU
		{B7C7F390-B973-425D-8214-14E801A96C97}.Debug|Any CPU.Build.0 = Debug|Any CPU
		{B7C7F390-B973-425D-8214-14E801A96C97}.Release|Any CPU.ActiveCfg = Release|Any CPU
		{B7C7F390-B973-425D-8214-14E801A96C97}.Release|Any CPU.Build.0 = Release|Any CPU
		{638EA663-29AD-4C5E-92EF-AC727D13B3EB}.Debug|Any CPU.ActiveCfg = Debug|Any CPU
		{638EA663-29AD-4C5E-92EF-AC727D13B3EB}.Debug|Any CPU.Build.0 = Debug|Any CPU
		{638EA663-29AD-4C5E-92EF-AC727D13B3EB}.Release|Any CPU.ActiveCfg = Release|Any CPU
		{638EA663-29AD-4C5E-92EF-AC727D13B3EB}.Release|Any CPU.Build.0 = Release|Any CPU
		{98A7FB04-0F7E-4EDD-B248-B9548AFE666E}.Debug|Any CPU.ActiveCfg = Debug|Any CPU
		{98A7FB04-0F7E-4EDD-B248-B9548AFE666E}.Debug|Any CPU.Build.0 = Debug|Any CPU
		{98A7FB04-0F7E-4EDD-B248-B9548AFE666E}.Release|Any CPU.ActiveCfg = Release|Any CPU
		{98A7FB04-0F7E-4EDD-B248-B9548AFE666E}.Release|Any CPU.Build.0 = Release|Any CPU
		{7103E4C0-5856-4135-B5E4-6A17F36D3808}.Debug|Any CPU.ActiveCfg = Debug|Any CPU
		{7103E4C0-5856-4135-B5E4-6A17F36D3808}.Debug|Any CPU.Build.0 = Debug|Any CPU
		{7103E4C0-5856-4135-B5E4-6A17F36D3808}.Release|Any CPU.ActiveCfg = Release|Any CPU
		{7103E4C0-5856-4135-B5E4-6A17F36D3808}.Release|Any CPU.Build.0 = Release|Any CPU
		{27C21FD8-12E0-4EC3-BC25-261B24A47B19}.Debug|Any CPU.ActiveCfg = Debug|Any CPU
		{27C21FD8-12E0-4EC3-BC25-261B24A47B19}.Debug|Any CPU.Build.0 = Debug|Any CPU
		{27C21FD8-12E0-4EC3-BC25-261B24A47B19}.Release|Any CPU.ActiveCfg = Release|Any CPU
		{27C21FD8-12E0-4EC3-BC25-261B24A47B19}.Release|Any CPU.Build.0 = Release|Any CPU
		{4783D4D4-5A68-4DC5-A64C-C9CF536C3C5B}.Debug|Any CPU.ActiveCfg = Debug|Any CPU
		{4783D4D4-5A68-4DC5-A64C-C9CF536C3C5B}.Debug|Any CPU.Build.0 = Debug|Any CPU
		{4783D4D4-5A68-4DC5-A64C-C9CF536C3C5B}.Release|Any CPU.ActiveCfg = Release|Any CPU
		{4783D4D4-5A68-4DC5-A64C-C9CF536C3C5B}.Release|Any CPU.Build.0 = Release|Any CPU
		{C8225A95-EED1-45C3-9FD2-6B579BD78F8A}.Debug|Any CPU.ActiveCfg = Debug|Any CPU
		{C8225A95-EED1-45C3-9FD2-6B579BD78F8A}.Debug|Any CPU.Build.0 = Debug|Any CPU
		{C8225A95-EED1-45C3-9FD2-6B579BD78F8A}.Release|Any CPU.ActiveCfg = Release|Any CPU
		{C8225A95-EED1-45C3-9FD2-6B579BD78F8A}.Release|Any CPU.Build.0 = Release|Any CPU
		{EA2E4013-CEDF-4B29-B876-FC4A76C86F07}.Debug|Any CPU.ActiveCfg = Debug|Any CPU
		{EA2E4013-CEDF-4B29-B876-FC4A76C86F07}.Debug|Any CPU.Build.0 = Debug|Any CPU
		{EA2E4013-CEDF-4B29-B876-FC4A76C86F07}.Release|Any CPU.ActiveCfg = Release|Any CPU
		{EA2E4013-CEDF-4B29-B876-FC4A76C86F07}.Release|Any CPU.Build.0 = Release|Any CPU
	EndGlobalSection
	GlobalSection(SolutionProperties) = preSolution
		HideSolutionNode = FALSE
	EndGlobalSection
	GlobalSection(ExtensibilityGlobals) = postSolution
		SolutionGuid = {AA6389E9-1A63-48D8-BF85-E86E3C27ED0B}
	EndGlobalSection
EndGlobal
