
Microsoft Visual Studio Solution File, Format Version 12.00
# Visual Studio Version 17
VisualStudioVersion = 17.11.35327.3
MinimumVisualStudioVersion = 10.0.40219.1
Project("{FAE04EC0-301F-11D3-BF4B-00C04F79EFBC}") = "SUNWODA_SEVB.Data", "SUNWODA_SEVB.Data\SUNWODA_SEVB.Data.csproj", "{BD815F6F-3859-46AE-8BBD-BBC52C1C9A9C}"
	ProjectSection(ProjectDependencies) = postProject
		{8E876D45-9915-41A8-8F2E-8E62AE6092B6} = {8E876D45-9915-41A8-8F2E-8E62AE6092B6}
	EndProjectSection
EndProject
Project("{9A19103F-16F7-4668-BE54-9A1E7A4F7556}") = "SUNWODA_SEVB", "SUNWODA_SEVB\SUNWODA_SEVB.csproj", "{B7C7F390-B973-425D-8214-14E801A96C97}"
EndProject
Project("{9A19103F-16F7-4668-BE54-9A1E7A4F7556}") = "SUNWODA_SEVB.Core", "SUNWODA_SEVB.Core\SUNWODA_SEVB.Core.csproj", "{8E876D45-9915-41A8-8F2E-8E62AE6092B6}"
EndProject
Project("{9A19103F-16F7-4668-BE54-9A1E7A4F7556}") = "SUNWODA_SEVB.Logging", "SUNWODA_SEVB.Logging\SUNWODA_SEVB.Logging.csproj", "{638EA663-29AD-4C5E-92EF-AC727D13B3EB}"
EndProject
Project("{9A19103F-16F7-4668-BE54-9A1E7A4F7556}") = "SUNWODA_SEVB.PLC", "SUNWODA_SEVB.PLC\SUNWODA_SEVB.PLC.csproj", "{98A7FB04-0F7E-4EDD-B248-B9548AFE666E}"
EndProject
Project("{FAE04EC0-301F-11D3-BF4B-00C04F79EFBC}") = "SUNWODA_SEVB.Component", "SUNWODA_SEVB.Component\SUNWODA_SEVB.Component.csproj", "{7103E4C0-5856-4135-B5E4-6A17F36D3808}"
EndProject
Global
	GlobalSection(SolutionConfigurationPlatforms) = preSolution
		Debug|Any CPU = Debug|Any CPU
		Release|Any CPU = Release|Any CPU
	EndGlobalSection
	GlobalSection(ProjectConfigurationPlatforms) = postSolution
		{BD815F6F-3859-46AE-8BBD-BBC52C1C9A9C}.Debug|Any CPU.ActiveCfg = Debug|Any CPU
		{BD815F6F-3859-46AE-8BBD-BBC52C1C9A9C}.Debug|Any CPU.Build.0 = Debug|Any CPU
		{BD815F6F-3859-46AE-8BBD-BBC52C1C9A9C}.Release|Any CPU.ActiveCfg = Release|Any CPU
		{BD815F6F-3859-46AE-8BBD-BBC52C1C9A9C}.Release|Any CPU.Build.0 = Release|Any CPU
		{B7C7F390-B973-425D-8214-14E801A96C97}.Debug|Any CPU.ActiveCfg = Debug|Any CPU
		{B7C7F390-B973-425D-8214-14E801A96C97}.Debug|Any CPU.Build.0 = Debug|Any CPU
		{B7C7F390-B973-425D-8214-14E801A96C97}.Release|Any CPU.ActiveCfg = Release|Any CPU
		{B7C7F390-B973-425D-8214-14E801A96C97}.Release|Any CPU.Build.0 = Release|Any CPU
		{8E876D45-9915-41A8-8F2E-8E62AE6092B6}.Debug|Any CPU.ActiveCfg = Debug|Any CPU
		{8E876D45-9915-41A8-8F2E-8E62AE6092B6}.Debug|Any CPU.Build.0 = Debug|Any CPU
		{8E876D45-9915-41A8-8F2E-8E62AE6092B6}.Release|Any CPU.ActiveCfg = Release|Any CPU
		{8E876D45-9915-41A8-8F2E-8E62AE6092B6}.Release|Any CPU.Build.0 = Release|Any CPU
		{638EA663-29AD-4C5E-92EF-AC727D13B3EB}.Debug|Any CPU.ActiveCfg = Debug|Any CPU
		{638EA663-29AD-4C5E-92EF-AC727D13B3EB}.Debug|Any CPU.Build.0 = Debug|Any CPU
		{638EA663-29AD-4C5E-92EF-AC727D13B3EB}.Release|Any CPU.ActiveCfg = Release|Any CPU
		{638EA663-29AD-4C5E-92EF-AC727D13B3EB}.Release|Any CPU.Build.0 = Release|Any CPU
		{98A7FB04-0F7E-4EDD-B248-B9548AFE666E}.Debug|Any CPU.ActiveCfg = Debug|Any CPU
		{98A7FB04-0F7E-4EDD-B248-B9548AFE666E}.Debug|Any CPU.Build.0 = Debug|Any CPU
		{98A7FB04-0F7E-4EDD-B248-B9548AFE666E}.Release|Any CPU.ActiveCfg = Release|Any CPU
		{98A7FB04-0F7E-4EDD-B248-B9548AFE666E}.Release|Any CPU.Build.0 = Release|Any CPU
		{7103E4C0-5856-4135-B5E4-6A17F36D3808}.Debug|Any CPU.ActiveCfg = Debug|Any CPU
		{7103E4C0-5856-4135-B5E4-6A17F36D3808}.Debug|Any CPU.Build.0 = Debug|Any CPU
		{7103E4C0-5856-4135-B5E4-6A17F36D3808}.Release|Any CPU.ActiveCfg = Release|Any CPU
		{7103E4C0-5856-4135-B5E4-6A17F36D3808}.Release|Any CPU.Build.0 = Release|Any CPU
	EndGlobalSection
	GlobalSection(SolutionProperties) = preSolution
		HideSolutionNode = FALSE
	EndGlobalSection
	GlobalSection(ExtensibilityGlobals) = postSolution
		SolutionGuid = {AA6389E9-1A63-48D8-BF85-E86E3C27ED0B}
	EndGlobalSection
EndGlobal
